
Microsoft Visual Studio Solution File, Format Version 12.00
# Visual Studio Version 17
VisualStudioVersion = 17.9.34622.214
MinimumVisualStudioVersion = 10.0.40219.1
Project("{FAE04EC0-301F-11D3-BF4B-00C04F79EFBC}") = "MagicVilla_VillaAPI", "MagicVilla_VillaAPI\MagicVilla_VillaAPI.csproj", "{567126D8-E907-48EE-951C-3DD1627DF7A6}"
EndProject
Global
	GlobalSection(SolutionConfigurationPlatforms) = preSolution
		Debug|Any CPU = Debug|Any CPU
		Release|Any CPU = Release|Any CPU
	EndGlobalSection
	GlobalSection(ProjectConfigurationPlatforms) = postSolution
		{567126D8-E907-48EE-951C-3DD1627DF7A6}.Debug|Any CPU.ActiveCfg = Debug|Any CPU
		{567126D8-E907-48EE-951C-3DD1627DF7A6}.Debug|Any CPU.Build.0 = Debug|Any CPU
		{567126D8-E907-48EE-951C-3DD1627DF7A6}.Release|Any CPU.ActiveCfg = Release|Any CPU
		{567126D8-E907-48EE-951C-3DD1627DF7A6}.Release|Any CPU.Build.0 = Release|Any CPU
	EndGlobalSection
	GlobalSection(SolutionProperties) = preSolution
		HideSolutionNode = FALSE
	EndGlobalSection
	GlobalSection(ExtensibilityGlobals) = postSolution
		SolutionGuid = {AAF5D518-122A-42C9-8F3E-920674BDA807}
	EndGlobalSection
EndGlobal
